
Microsoft Visual Studio Solution File, Format Version 12.00
# Visual Studio Version 17
VisualStudioVersion = 17.10.35122.118
MinimumVisualStudioVersion = 10.0.40219.1
Project("{FAE04EC0-301F-11D3-BF4B-00C04F79EFBC}") = "tinyurlwebapi", "tinyurlwebapi\tinyurlwebapi.csproj", "{BC50437F-0F21-4ABC-88BA-82FC15B2A4DB}"
EndProject
Global
	GlobalSection(SolutionConfigurationPlatforms) = preSolution
		Debug|Any CPU = Debug|Any CPU
		Release|Any CPU = Release|Any CPU
	EndGlobalSection
	GlobalSection(ProjectConfigurationPlatforms) = postSolution
		{BC50437F-0F21-4ABC-88BA-82FC15B2A4DB}.Debug|Any CPU.ActiveCfg = Debug|Any CPU
		{BC50437F-0F21-4ABC-88BA-82FC15B2A4DB}.Debug|Any CPU.Build.0 = Debug|Any CPU
		{BC50437F-0F21-4ABC-88BA-82FC15B2A4DB}.Release|Any CPU.ActiveCfg = Release|Any CPU
		{BC50437F-0F21-4ABC-88BA-82FC15B2A4DB}.Release|Any CPU.Build.0 = Release|Any CPU
	EndGlobalSection
	GlobalSection(SolutionProperties) = preSolution
		HideSolutionNode = FALSE
	EndGlobalSection
	GlobalSection(ExtensibilityGlobals) = postSolution
		SolutionGuid = {38A2C092-3FD8-45AD-9D56-805910230EF2}
	EndGlobalSection
EndGlobal
